
Microsoft Visual Studio Solution File, Format Version 12.00
# Visual Studio Version 16
VisualStudioVersion = 16.0.30907.101
MinimumVisualStudioVersion = 10.0.40219.1
Project("{FAE04EC0-301F-11D3-BF4B-00C04F79EFBC}") = "BibliotecaEng", "BibliotecaEng\BibliotecaEng.csproj", "{56539024-AC4F-49E0-B8DB-9FB74F0794D5}"
EndProject
Global
	GlobalSection(SolutionConfigurationPlatforms) = preSolution
		Debug|Any CPU = Debug|Any CPU
		Release|Any CPU = Release|Any CPU
	EndGlobalSection
	GlobalSection(ProjectConfigurationPlatforms) = postSolution
		{56539024-AC4F-49E0-B8DB-9FB74F0794D5}.Debug|Any CPU.ActiveCfg = Debug|Any CPU
		{56539024-AC4F-49E0-B8DB-9FB74F0794D5}.Debug|Any CPU.Build.0 = Debug|Any CPU
		{56539024-AC4F-49E0-B8DB-9FB74F0794D5}.Release|Any CPU.ActiveCfg = Release|Any CPU
		{56539024-AC4F-49E0-B8DB-9FB74F0794D5}.Release|Any CPU.Build.0 = Release|Any CPU
	EndGlobalSection
	GlobalSection(SolutionProperties) = preSolution
		HideSolutionNode = FALSE
	EndGlobalSection
	GlobalSection(ExtensibilityGlobals) = postSolution
		SolutionGuid = {E3AA186A-D962-4137-B929-CF13A007C4EC}
	EndGlobalSection
EndGlobal
